// !$*UTF8*$!
{
	archiveVersion = 1;
	classes = {
	};
	objectVersion = 56;
	objects = {

/* Begin PBXBuildFile section */
		EA477F2A2C6EE280006DCC19 /* Fetch_API_SwiftApp.swift in Sources */ = {isa = PBXBuildFile; fileRef = EA477F292C6EE280006DCC19 /* Fetch_API_SwiftApp.swift */; };
		EA477F2C2C6EE280006DCC19 /* PhotosView.swift in Sources */ = {isa = PBXBuildFile; fileRef = EA477F2B2C6EE280006DCC19 /* PhotosView.swift */; };
		EA477F2E2C6EE280006DCC19 /* Item.swift in Sources */ = {isa = PBXBuildFile; fileRef = EA477F2D2C6EE280006DCC19 /* Item.swift */; };
		EA477F302C6EE282006DCC19 /* Assets.xcassets in Resources */ = {isa = PBXBuildFile; fileRef = EA477F2F2C6EE282006DCC19 /* Assets.xcassets */; };
		EA477F342C6EE282006DCC19 /* Preview Assets.xcassets in Resources */ = {isa = PBXBuildFile; fileRef = EA477F332C6EE282006DCC19 /* Preview Assets.xcassets */; };
		EA477F3E2C6EE282006DCC19 /* Fetch_API_SwiftTests.swift in Sources */ = {isa = PBXBuildFile; fileRef = EA477F3D2C6EE282006DCC19 /* Fetch_API_SwiftTests.swift */; };
		EA477F482C6EE282006DCC19 /* Fetch_API_SwiftUITests.swift in Sources */ = {isa = PBXBuildFile; fileRef = EA477F472C6EE282006DCC19 /* Fetch_API_SwiftUITests.swift */; };
		EA477F4A2C6EE282006DCC19 /* Fetch_API_SwiftUITestsLaunchTests.swift in Sources */ = {isa = PBXBuildFile; fileRef = EA477F492C6EE282006DCC19 /* Fetch_API_SwiftUITestsLaunchTests.swift */; };
		EA477F572C6EE46B006DCC19 /* Album.swift in Sources */ = {isa = PBXBuildFile; fileRef = EA477F562C6EE46B006DCC19 /* Album.swift */; };
		EA477F592C6EEF91006DCC19 /* DetailAlbum.swift in Sources */ = {isa = PBXBuildFile; fileRef = EA477F582C6EEF91006DCC19 /* DetailAlbum.swift */; };
		EA477F5B2C6EF1C1006DCC19 /* ImageView.swift in Sources */ = {isa = PBXBuildFile; fileRef = EA477F5A2C6EF1C1006DCC19 /* ImageView.swift */; };
		EA477F5D2C6EF4A0006DCC19 /* RequestData.swift in Sources */ = {isa = PBXBuildFile; fileRef = EA477F5C2C6EF4A0006DCC19 /* RequestData.swift */; };
		EA477F5F2C6EFE08006DCC19 /* MainView.swift in Sources */ = {isa = PBXBuildFile; fileRef = EA477F5E2C6EFE08006DCC19 /* MainView.swift */; };
		EA477F612C6EFF4E006DCC19 /* PostView.swift in Sources */ = {isa = PBXBuildFile; fileRef = EA477F602C6EFF4E006DCC19 /* PostView.swift */; };
		EA477F632C6EFFCF006DCC19 /* Post.swift in Sources */ = {isa = PBXBuildFile; fileRef = EA477F622C6EFFCF006DCC19 /* Post.swift */; };
		EA477F652C6F0526006DCC19 /* PostDetailView.swift in Sources */ = {isa = PBXBuildFile; fileRef = EA477F642C6F0526006DCC19 /* PostDetailView.swift */; };
/* End PBXBuildFile section */

/* Begin PBXContainerItemProxy section */
		EA477F3A2C6EE282006DCC19 /* PBXContainerItemProxy */ = {
			isa = PBXContainerItemProxy;
			containerPortal = EA477F1E2C6EE280006DCC19 /* Project object */;
			proxyType = 1;
			remoteGlobalIDString = EA477F252C6EE280006DCC19;
			remoteInfo = "Fetch API Swift";
		};
		EA477F442C6EE282006DCC19 /* PBXContainerItemProxy */ = {
			isa = PBXContainerItemProxy;
			containerPortal = EA477F1E2C6EE280006DCC19 /* Project object */;
			proxyType = 1;
			remoteGlobalIDString = EA477F252C6EE280006DCC19;
			remoteInfo = "Fetch API Swift";
		};
/* End PBXContainerItemProxy section */

/* Begin PBXFileReference section */
		EA477F262C6EE280006DCC19 /* Fetch API Swift.app */ = {isa = PBXFileReference; explicitFileType = wrapper.application; includeInIndex = 0; path = "Fetch API Swift.app"; sourceTree = BUILT_PRODUCTS_DIR; };
		EA477F292C6EE280006DCC19 /* Fetch_API_SwiftApp.swift */ = {isa = PBXFileReference; lastKnownFileType = sourcecode.swift; path = Fetch_API_SwiftApp.swift; sourceTree = "<group>"; };
		EA477F2B2C6EE280006DCC19 /* PhotosView.swift */ = {isa = PBXFileReference; lastKnownFileType = sourcecode.swift; path = PhotosView.swift; sourceTree = "<group>"; };
		EA477F2D2C6EE280006DCC19 /* Item.swift */ = {isa = PBXFileReference; lastKnownFileType = sourcecode.swift; path = Item.swift; sourceTree = "<group>"; };
		EA477F2F2C6EE282006DCC19 /* Assets.xcassets */ = {isa = PBXFileReference; lastKnownFileType = folder.assetcatalog; path = Assets.xcassets; sourceTree = "<group>"; };
		EA477F312C6EE282006DCC19 /* Fetch_API_Swift.entitlements */ = {isa = PBXFileReference; lastKnownFileType = text.plist.entitlements; path = Fetch_API_Swift.entitlements; sourceTree = "<group>"; };
		EA477F332C6EE282006DCC19 /* Preview Assets.xcassets */ = {isa = PBXFileReference; lastKnownFileType = folder.assetcatalog; path = "Preview Assets.xcassets"; sourceTree = "<group>"; };
		EA477F392C6EE282006DCC19 /* Fetch API SwiftTests.xctest */ = {isa = PBXFileReference; explicitFileType = wrapper.cfbundle; includeInIndex = 0; path = "Fetch API SwiftTests.xctest"; sourceTree = BUILT_PRODUCTS_DIR; };
		EA477F3D2C6EE282006DCC19 /* Fetch_API_SwiftTests.swift */ = {isa = PBXFileReference; lastKnownFileType = sourcecode.swift; path = Fetch_API_SwiftTests.swift; sourceTree = "<group>"; };
		EA477F432C6EE282006DCC19 /* Fetch API SwiftUITests.xctest */ = {isa = PBXFileReference; explicitFileType = wrapper.cfbundle; includeInIndex = 0; path = "Fetch API SwiftUITests.xctest"; sourceTree = BUILT_PRODUCTS_DIR; };
		EA477F472C6EE282006DCC19 /* Fetch_API_SwiftUITests.swift */ = {isa = PBXFileReference; lastKnownFileType = sourcecode.swift; path = Fetch_API_SwiftUITests.swift; sourceTree = "<group>"; };
		EA477F492C6EE282006DCC19 /* Fetch_API_SwiftUITestsLaunchTests.swift */ = {isa = PBXFileReference; lastKnownFileType = sourcecode.swift; path = Fetch_API_SwiftUITestsLaunchTests.swift; sourceTree = "<group>"; };
		EA477F562C6EE46B006DCC19 /* Album.swift */ = {isa = PBXFileReference; lastKnownFileType = sourcecode.swift; path = Album.swift; sourceTree = "<group>"; };
		EA477F582C6EEF91006DCC19 /* DetailAlbum.swift */ = {isa = PBXFileReference; lastKnownFileType = sourcecode.swift; path = DetailAlbum.swift; sourceTree = "<group>"; };
		EA477F5A2C6EF1C1006DCC19 /* ImageView.swift */ = {isa = PBXFileReference; lastKnownFileType = sourcecode.swift; path = ImageView.swift; sourceTree = "<group>"; };
		EA477F5C2C6EF4A0006DCC19 /* RequestData.swift */ = {isa = PBXFileReference; lastKnownFileType = sourcecode.swift; path = RequestData.swift; sourceTree = "<group>"; };
		EA477F5E2C6EFE08006DCC19 /* MainView.swift */ = {isa = PBXFileReference; lastKnownFileType = sourcecode.swift; path = MainView.swift; sourceTree = "<group>"; };
		EA477F602C6EFF4E006DCC19 /* PostView.swift */ = {isa = PBXFileReference; lastKnownFileType = sourcecode.swift; path = PostView.swift; sourceTree = "<group>"; };
		EA477F622C6EFFCF006DCC19 /* Post.swift */ = {isa = PBXFileReference; lastKnownFileType = sourcecode.swift; path = Post.swift; sourceTree = "<group>"; };
		EA477F642C6F0526006DCC19 /* PostDetailView.swift */ = {isa = PBXFileReference; lastKnownFileType = sourcecode.swift; path = PostDetailView.swift; sourceTree = "<group>"; };
/* End PBXFileReference section */

/* Begin PBXFrameworksBuildPhase section */
		EA477F232C6EE280006DCC19 /* Frameworks */ = {
			isa = PBXFrameworksBuildPhase;
			buildActionMask = 2147483647;
			files = (
			);
			runOnlyForDeploymentPostprocessing = 0;
		};
		EA477F362C6EE282006DCC19 /* Frameworks */ = {
			isa = PBXFrameworksBuildPhase;
			buildActionMask = 2147483647;
			files = (
			);
			runOnlyForDeploymentPostprocessing = 0;
		};
		EA477F402C6EE282006DCC19 /* Frameworks */ = {
			isa = PBXFrameworksBuildPhase;
			buildActionMask = 2147483647;
			files = (
			);
			runOnlyForDeploymentPostprocessing = 0;
		};
/* End PBXFrameworksBuildPhase section */

/* Begin PBXGroup section */
		EA477F1D2C6EE280006DCC19 = {
			isa = PBXGroup;
			children = (
				EA477F282C6EE280006DCC19 /* Fetch API Swift */,
				EA477F3C2C6EE282006DCC19 /* Fetch API SwiftTests */,
				EA477F462C6EE282006DCC19 /* Fetch API SwiftUITests */,
				EA477F272C6EE280006DCC19 /* Products */,
			);
			sourceTree = "<group>";
		};
		EA477F272C6EE280006DCC19 /* Products */ = {
			isa = PBXGroup;
			children = (
				EA477F262C6EE280006DCC19 /* Fetch API Swift.app */,
				EA477F392C6EE282006DCC19 /* Fetch API SwiftTests.xctest */,
				EA477F432C6EE282006DCC19 /* Fetch API SwiftUITests.xctest */,
			);
			name = Products;
			sourceTree = "<group>";
		};
		EA477F282C6EE280006DCC19 /* Fetch API Swift */ = {
			isa = PBXGroup;
			children = (
				EA477F292C6EE280006DCC19 /* Fetch_API_SwiftApp.swift */,
				EA477F2B2C6EE280006DCC19 /* PhotosView.swift */,
				EA477F5A2C6EF1C1006DCC19 /* ImageView.swift */,
				EA477F2D2C6EE280006DCC19 /* Item.swift */,
				EA477F2F2C6EE282006DCC19 /* Assets.xcassets */,
				EA477F312C6EE282006DCC19 /* Fetch_API_Swift.entitlements */,
				EA477F322C6EE282006DCC19 /* Preview Content */,
				EA477F562C6EE46B006DCC19 /* Album.swift */,
				EA477F582C6EEF91006DCC19 /* DetailAlbum.swift */,
				EA477F5C2C6EF4A0006DCC19 /* RequestData.swift */,
				EA477F5E2C6EFE08006DCC19 /* MainView.swift */,
				EA477F602C6EFF4E006DCC19 /* PostView.swift */,
				EA477F642C6F0526006DCC19 /* PostDetailView.swift */,
				EA477F622C6EFFCF006DCC19 /* Post.swift */,
			);
			path = "Fetch API Swift";
			sourceTree = "<group>";
		};
		EA477F322C6EE282006DCC19 /* Preview Content */ = {
			isa = PBXGroup;
			children = (
				EA477F332C6EE282006DCC19 /* Preview Assets.xcassets */,
			);
			path = "Preview Content";
			sourceTree = "<group>";
		};
		EA477F3C2C6EE282006DCC19 /* Fetch API SwiftTests */ = {
			isa = PBXGroup;
			children = (
				EA477F3D2C6EE282006DCC19 /* Fetch_API_SwiftTests.swift */,
			);
			path = "Fetch API SwiftTests";
			sourceTree = "<group>";
		};
		EA477F462C6EE282006DCC19 /* Fetch API SwiftUITests */ = {
			isa = PBXGroup;
			children = (
				EA477F472C6EE282006DCC19 /* Fetch_API_SwiftUITests.swift */,
				EA477F492C6EE282006DCC19 /* Fetch_API_SwiftUITestsLaunchTests.swift */,
			);
			path = "Fetch API SwiftUITests";
			sourceTree = "<group>";
		};
/* End PBXGroup section */

/* Begin PBXNativeTarget section */
		EA477F252C6EE280006DCC19 /* Fetch API Swift */ = {
			isa = PBXNativeTarget;
			buildConfigurationList = EA477F4D2C6EE282006DCC19 /* Build configuration list for PBXNativeTarget "Fetch API Swift" */;
			buildPhases = (
				EA477F222C6EE280006DCC19 /* Sources */,
				EA477F232C6EE280006DCC19 /* Frameworks */,
				EA477F242C6EE280006DCC19 /* Resources */,
			);
			buildRules = (
			);
			dependencies = (
			);
			name = "Fetch API Swift";
			productName = "Fetch API Swift";
			productReference = EA477F262C6EE280006DCC19 /* Fetch API Swift.app */;
			productType = "com.apple.product-type.application";
		};
		EA477F382C6EE282006DCC19 /* Fetch API SwiftTests */ = {
			isa = PBXNativeTarget;
			buildConfigurationList = EA477F502C6EE282006DCC19 /* Build configuration list for PBXNativeTarget "Fetch API SwiftTests" */;
			buildPhases = (
				EA477F352C6EE282006DCC19 /* Sources */,
				EA477F362C6EE282006DCC19 /* Frameworks */,
				EA477F372C6EE282006DCC19 /* Resources */,
			);
			buildRules = (
			);
			dependencies = (
				EA477F3B2C6EE282006DCC19 /* PBXTargetDependency */,
			);
			name = "Fetch API SwiftTests";
			productName = "Fetch API SwiftTests";
			productReference = EA477F392C6EE282006DCC19 /* Fetch API SwiftTests.xctest */;
			productType = "com.apple.product-type.bundle.unit-test";
		};
		EA477F422C6EE282006DCC19 /* Fetch API SwiftUITests */ = {
			isa = PBXNativeTarget;
			buildConfigurationList = EA477F532C6EE282006DCC19 /* Build configuration list for PBXNativeTarget "Fetch API SwiftUITests" */;
			buildPhases = (
				EA477F3F2C6EE282006DCC19 /* Sources */,
				EA477F402C6EE282006DCC19 /* Frameworks */,
				EA477F412C6EE282006DCC19 /* Resources */,
			);
			buildRules = (
			);
			dependencies = (
				EA477F452C6EE282006DCC19 /* PBXTargetDependency */,
			);
			name = "Fetch API SwiftUITests";
			productName = "Fetch API SwiftUITests";
			productReference = EA477F432C6EE282006DCC19 /* Fetch API SwiftUITests.xctest */;
			productType = "com.apple.product-type.bundle.ui-testing";
		};
/* End PBXNativeTarget section */

/* Begin PBXProject section */
		EA477F1E2C6EE280006DCC19 /* Project object */ = {
			isa = PBXProject;
			attributes = {
				BuildIndependentTargetsInParallel = 1;
				LastSwiftUpdateCheck = 1500;
				LastUpgradeCheck = 1500;
				TargetAttributes = {
					EA477F252C6EE280006DCC19 = {
						CreatedOnToolsVersion = 15.0.1;
					};
					EA477F382C6EE282006DCC19 = {
						CreatedOnToolsVersion = 15.0.1;
						TestTargetID = EA477F252C6EE280006DCC19;
					};
					EA477F422C6EE282006DCC19 = {
						CreatedOnToolsVersion = 15.0.1;
						TestTargetID = EA477F252C6EE280006DCC19;
					};
				};
			};
			buildConfigurationList = EA477F212C6EE280006DCC19 /* Build configuration list for PBXProject "Fetch API Swift" */;
			compatibilityVersion = "Xcode 14.0";
			developmentRegion = en;
			hasScannedForEncodings = 0;
			knownRegions = (
				en,
				Base,
			);
			mainGroup = EA477F1D2C6EE280006DCC19;
			productRefGroup = EA477F272C6EE280006DCC19 /* Products */;
			projectDirPath = "";
			projectRoot = "";
			targets = (
				EA477F252C6EE280006DCC19 /* Fetch API Swift */,
				EA477F382C6EE282006DCC19 /* Fetch API SwiftTests */,
				EA477F422C6EE282006DCC19 /* Fetch API SwiftUITests */,
			);
		};
/* End PBXProject section */

/* Begin PBXResourcesBuildPhase section */
		EA477F242C6EE280006DCC19 /* Resources */ = {
			isa = PBXResourcesBuildPhase;
			buildActionMask = 2147483647;
			files = (
				EA477F342C6EE282006DCC19 /* Preview Assets.xcassets in Resources */,
				EA477F302C6EE282006DCC19 /* Assets.xcassets in Resources */,
			);
			runOnlyForDeploymentPostprocessing = 0;
		};
		EA477F372C6EE282006DCC19 /* Resources */ = {
			isa = PBXResourcesBuildPhase;
			buildActionMask = 2147483647;
			files = (
			);
			runOnlyForDeploymentPostprocessing = 0;
		};
		EA477F412C6EE282006DCC19 /* Resources */ = {
			isa = PBXResourcesBuildPhase;
			buildActionMask = 2147483647;
			files = (
			);
			runOnlyForDeploymentPostprocessing = 0;
		};
/* End PBXResourcesBuildPhase section */

/* Begin PBXSourcesBuildPhase section */
		EA477F222C6EE280006DCC19 /* Sources */ = {
			isa = PBXSourcesBuildPhase;
			buildActionMask = 2147483647;
			files = (
				EA477F652C6F0526006DCC19 /* PostDetailView.swift in Sources */,
				EA477F5B2C6EF1C1006DCC19 /* ImageView.swift in Sources */,
				EA477F5F2C6EFE08006DCC19 /* MainView.swift in Sources */,
				EA477F2C2C6EE280006DCC19 /* PhotosView.swift in Sources */,
				EA477F592C6EEF91006DCC19 /* DetailAlbum.swift in Sources */,
				EA477F2E2C6EE280006DCC19 /* Item.swift in Sources */,
				EA477F5D2C6EF4A0006DCC19 /* RequestData.swift in Sources */,
				EA477F2A2C6EE280006DCC19 /* Fetch_API_SwiftApp.swift in Sources */,
				EA477F612C6EFF4E006DCC19 /* PostView.swift in Sources */,
				EA477F572C6EE46B006DCC19 /* Album.swift in Sources */,
				EA477F632C6EFFCF006DCC19 /* Post.swift in Sources */,
			);
			runOnlyForDeploymentPostprocessing = 0;
		};
		EA477F352C6EE282006DCC19 /* Sources */ = {
			isa = PBXSourcesBuildPhase;
			buildActionMask = 2147483647;
			files = (
				EA477F3E2C6EE282006DCC19 /* Fetch_API_SwiftTests.swift in Sources */,
			);
			runOnlyForDeploymentPostprocessing = 0;
		};
		EA477F3F2C6EE282006DCC19 /* Sources */ = {
			isa = PBXSourcesBuildPhase;
			buildActionMask = 2147483647;
			files = (
				EA477F4A2C6EE282006DCC19 /* Fetch_API_SwiftUITestsLaunchTests.swift in Sources */,
				EA477F482C6EE282006DCC19 /* Fetch_API_SwiftUITests.swift in Sources */,
			);
			runOnlyForDeploymentPostprocessing = 0;
		};
/* End PBXSourcesBuildPhase section */

/* Begin PBXTargetDependency section */
		EA477F3B2C6EE282006DCC19 /* PBXTargetDependency */ = {
			isa = PBXTargetDependency;
			target = EA477F252C6EE280006DCC19 /* Fetch API Swift */;
			targetProxy = EA477F3A2C6EE282006DCC19 /* PBXContainerItemProxy */;
		};
		EA477F452C6EE282006DCC19 /* PBXTargetDependency */ = {
			isa = PBXTargetDependency;
			target = EA477F252C6EE280006DCC19 /* Fetch API Swift */;
			targetProxy = EA477F442C6EE282006DCC19 /* PBXContainerItemProxy */;
		};
/* End PBXTargetDependency section */

/* Begin XCBuildConfiguration section */
		EA477F4B2C6EE282006DCC19 /* Debug */ = {
			isa = XCBuildConfiguration;
			buildSettings = {
				ALWAYS_SEARCH_USER_PATHS = NO;
				ASSETCATALOG_COMPILER_GENERATE_SWIFT_ASSET_SYMBOL_EXTENSIONS = YES;
				CLANG_ANALYZER_NONNULL = YES;
				CLANG_ANALYZER_NUMBER_OBJECT_CONVERSION = YES_AGGRESSIVE;
				CLANG_CXX_LANGUAGE_STANDARD = "gnu++20";
				CLANG_ENABLE_MODULES = YES;
				CLANG_ENABLE_OBJC_ARC = YES;
				CLANG_ENABLE_OBJC_WEAK = YES;
				CLANG_WARN_BLOCK_CAPTURE_AUTORELEASING = YES;
				CLANG_WARN_BOOL_CONVERSION = YES;
				CLANG_WARN_COMMA = YES;
				CLANG_WARN_CONSTANT_CONVERSION = YES;
				CLANG_WARN_DEPRECATED_OBJC_IMPLEMENTATIONS = YES;
				CLANG_WARN_DIRECT_OBJC_ISA_USAGE = YES_ERROR;
				CLANG_WARN_DOCUMENTATION_COMMENTS = YES;
				CLANG_WARN_EMPTY_BODY = YES;
				CLANG_WARN_ENUM_CONVERSION = YES;
				CLANG_WARN_INFINITE_RECURSION = YES;
				CLANG_WARN_INT_CONVERSION = YES;
				CLANG_WARN_NON_LITERAL_NULL_CONVERSION = YES;
				CLANG_WARN_OBJC_IMPLICIT_RETAIN_SELF = YES;
				CLANG_WARN_OBJC_LITERAL_CONVERSION = YES;
				CLANG_WARN_OBJC_ROOT_CLASS = YES_ERROR;
				CLANG_WARN_QUOTED_INCLUDE_IN_FRAMEWORK_HEADER = YES;
				CLANG_WARN_RANGE_LOOP_ANALYSIS = YES;
				CLANG_WARN_STRICT_PROTOTYPES = YES;
				CLANG_WARN_SUSPICIOUS_MOVE = YES;
				CLANG_WARN_UNGUARDED_AVAILABILITY = YES_AGGRESSIVE;
				CLANG_WARN_UNREACHABLE_CODE = YES;
				CLANG_WARN__DUPLICATE_METHOD_MATCH = YES;
				COPY_PHASE_STRIP = NO;
				DEBUG_INFORMATION_FORMAT = dwarf;
				ENABLE_STRICT_OBJC_MSGSEND = YES;
				ENABLE_TESTABILITY = YES;
				ENABLE_USER_SCRIPT_SANDBOXING = YES;
				GCC_C_LANGUAGE_STANDARD = gnu17;
				GCC_DYNAMIC_NO_PIC = NO;
				GCC_NO_COMMON_BLOCKS = YES;
				GCC_OPTIMIZATION_LEVEL = 0;
				GCC_PREPROCESSOR_DEFINITIONS = (
					"DEBUG=1",
					"$(inherited)",
				);
				GCC_WARN_64_TO_32_BIT_CONVERSION = YES;
				GCC_WARN_ABOUT_RETURN_TYPE = YES_ERROR;
				GCC_WARN_UNDECLARED_SELECTOR = YES;
				GCC_WARN_UNINITIALIZED_AUTOS = YES_AGGRESSIVE;
				GCC_WARN_UNUSED_FUNCTION = YES;
				GCC_WARN_UNUSED_VARIABLE = YES;
				LOCALIZATION_PREFERS_STRING_CATALOGS = YES;
				MTL_ENABLE_DEBUG_INFO = INCLUDE_SOURCE;
				MTL_FAST_MATH = YES;
				ONLY_ACTIVE_ARCH = YES;
				SWIFT_ACTIVE_COMPILATION_CONDITIONS = "DEBUG $(inherited)";
				SWIFT_OPTIMIZATION_LEVEL = "-Onone";
			};
			name = Debug;
		};
		EA477F4C2C6EE282006DCC19 /* Release */ = {
			isa = XCBuildConfiguration;
			buildSettings = {
				ALWAYS_SEARCH_USER_PATHS = NO;
				ASSETCATALOG_COMPILER_GENERATE_SWIFT_ASSET_SYMBOL_EXTENSIONS = YES;
				CLANG_ANALYZER_NONNULL = YES;
				CLANG_ANALYZER_NUMBER_OBJECT_CONVERSION = YES_AGGRESSIVE;
				CLANG_CXX_LANGUAGE_STANDARD = "gnu++20";
				CLANG_ENABLE_MODULES = YES;
				CLANG_ENABLE_OBJC_ARC = YES;
				CLANG_ENABLE_OBJC_WEAK = YES;
				CLANG_WARN_BLOCK_CAPTURE_AUTORELEASING = YES;
				CLANG_WARN_BOOL_CONVERSION = YES;
				CLANG_WARN_COMMA = YES;
				CLANG_WARN_CONSTANT_CONVERSION = YES;
				CLANG_WARN_DEPRECATED_OBJC_IMPLEMENTATIONS = YES;
				CLANG_WARN_DIRECT_OBJC_ISA_USAGE = YES_ERROR;
				CLANG_WARN_DOCUMENTATION_COMMENTS = YES;
				CLANG_WARN_EMPTY_BODY = YES;
				CLANG_WARN_ENUM_CONVERSION = YES;
				CLANG_WARN_INFINITE_RECURSION = YES;
				CLANG_WARN_INT_CONVERSION = YES;
				CLANG_WARN_NON_LITERAL_NULL_CONVERSION = YES;
				CLANG_WARN_OBJC_IMPLICIT_RETAIN_SELF = YES;
				CLANG_WARN_OBJC_LITERAL_CONVERSION = YES;
				CLANG_WARN_OBJC_ROOT_CLASS = YES_ERROR;
				CLANG_WARN_QUOTED_INCLUDE_IN_FRAMEWORK_HEADER = YES;
				CLANG_WARN_RANGE_LOOP_ANALYSIS = YES;
				CLANG_WARN_STRICT_PROTOTYPES = YES;
				CLANG_WARN_SUSPICIOUS_MOVE = YES;
				CLANG_WARN_UNGUARDED_AVAILABILITY = YES_AGGRESSIVE;
				CLANG_WARN_UNREACHABLE_CODE = YES;
				CLANG_WARN__DUPLICATE_METHOD_MATCH = YES;
				COPY_PHASE_STRIP = NO;
				DEBUG_INFORMATION_FORMAT = "dwarf-with-dsym";
				ENABLE_NS_ASSERTIONS = NO;
				ENABLE_STRICT_OBJC_MSGSEND = YES;
				ENABLE_USER_SCRIPT_SANDBOXING = YES;
				GCC_C_LANGUAGE_STANDARD = gnu17;
				GCC_NO_COMMON_BLOCKS = YES;
				GCC_WARN_64_TO_32_BIT_CONVERSION = YES;
				GCC_WARN_ABOUT_RETURN_TYPE = YES_ERROR;
				GCC_WARN_UNDECLARED_SELECTOR = YES;
				GCC_WARN_UNINITIALIZED_AUTOS = YES_AGGRESSIVE;
				GCC_WARN_UNUSED_FUNCTION = YES;
				GCC_WARN_UNUSED_VARIABLE = YES;
				LOCALIZATION_PREFERS_STRING_CATALOGS = YES;
				MTL_ENABLE_DEBUG_INFO = NO;
				MTL_FAST_MATH = YES;
				SWIFT_COMPILATION_MODE = wholemodule;
			};
			name = Release;
		};
		EA477F4E2C6EE282006DCC19 /* Debug */ = {
			isa = XCBuildConfiguration;
			buildSettings = {
				ASSETCATALOG_COMPILER_APPICON_NAME = AppIcon;
				ASSETCATALOG_COMPILER_GLOBAL_ACCENT_COLOR_NAME = AccentColor;
				CODE_SIGN_ENTITLEMENTS = "Fetch API Swift/Fetch_API_Swift.entitlements";
				CODE_SIGN_STYLE = Automatic;
				CURRENT_PROJECT_VERSION = 1;
				DEVELOPMENT_ASSET_PATHS = "\"Fetch API Swift/Preview Content\"";
				ENABLE_PREVIEWS = YES;
				GENERATE_INFOPLIST_FILE = YES;
				"INFOPLIST_KEY_UIApplicationSceneManifest_Generation[sdk=iphoneos*]" = YES;
				"INFOPLIST_KEY_UIApplicationSceneManifest_Generation[sdk=iphonesimulator*]" = YES;
				"INFOPLIST_KEY_UIApplicationSupportsIndirectInputEvents[sdk=iphoneos*]" = YES;
				"INFOPLIST_KEY_UIApplicationSupportsIndirectInputEvents[sdk=iphonesimulator*]" = YES;
				"INFOPLIST_KEY_UILaunchScreen_Generation[sdk=iphoneos*]" = YES;
				"INFOPLIST_KEY_UILaunchScreen_Generation[sdk=iphonesimulator*]" = YES;
				"INFOPLIST_KEY_UIStatusBarStyle[sdk=iphoneos*]" = UIStatusBarStyleDefault;
				"INFOPLIST_KEY_UIStatusBarStyle[sdk=iphonesimulator*]" = UIStatusBarStyleDefault;
				INFOPLIST_KEY_UISupportedInterfaceOrientations_iPad = "UIInterfaceOrientationPortrait UIInterfaceOrientationPortraitUpsideDown UIInterfaceOrientationLandscapeLeft UIInterfaceOrientationLandscapeRight";
				INFOPLIST_KEY_UISupportedInterfaceOrientations_iPhone = "UIInterfaceOrientationPortrait UIInterfaceOrientationLandscapeLeft UIInterfaceOrientationLandscapeRight";
				IPHONEOS_DEPLOYMENT_TARGET = 17.0;
				LD_RUNPATH_SEARCH_PATHS = "@executable_path/Frameworks";
				"LD_RUNPATH_SEARCH_PATHS[sdk=macosx*]" = "@executable_path/../Frameworks";
				MACOSX_DEPLOYMENT_TARGET = 14.0;
				MARKETING_VERSION = 1.0;
				PRODUCT_BUNDLE_IDENTIFIER = "handleryouth.app.Fetch-API-Swift";
				PRODUCT_NAME = "$(TARGET_NAME)";
				SDKROOT = auto;
				SUPPORTED_PLATFORMS = "iphoneos iphonesimulator macosx";
				SWIFT_EMIT_LOC_STRINGS = YES;
				SWIFT_VERSION = 5.0;
				TARGETED_DEVICE_FAMILY = "1,2";
			};
			name = Debug;
		};
		EA477F4F2C6EE282006DCC19 /* Release */ = {
			isa = XCBuildConfiguration;
			buildSettings = {
				ASSETCATALOG_COMPILER_APPICON_NAME = AppIcon;
				ASSETCATALOG_COMPILER_GLOBAL_ACCENT_COLOR_NAME = AccentColor;
				CODE_SIGN_ENTITLEMENTS = "Fetch API Swift/Fetch_API_Swift.entitlements";
				CODE_SIGN_STYLE = Automatic;
				CURRENT_PROJECT_VERSION = 1;
				DEVELOPMENT_ASSET_PATHS = "\"Fetch API Swift/Preview Content\"";
				ENABLE_PREVIEWS = YES;
				GENERATE_INFOPLIST_FILE = YES;
				"INFOPLIST_KEY_UIApplicationSceneManifest_Generation[sdk=iphoneos*]" = YES;
				"INFOPLIST_KEY_UIApplicationSceneManifest_Generation[sdk=iphonesimulator*]" = YES;
				"INFOPLIST_KEY_UIApplicationSupportsIndirectInputEvents[sdk=iphoneos*]" = YES;
				"INFOPLIST_KEY_UIApplicationSupportsIndirectInputEvents[sdk=iphonesimulator*]" = YES;
				"INFOPLIST_KEY_UILaunchScreen_Generation[sdk=iphoneos*]" = YES;
				"INFOPLIST_KEY_UILaunchScreen_Generation[sdk=iphonesimulator*]" = YES;
				"INFOPLIST_KEY_UIStatusBarStyle[sdk=iphoneos*]" = UIStatusBarStyleDefault;
				"INFOPLIST_KEY_UIStatusBarStyle[sdk=iphonesimulator*]" = UIStatusBarStyleDefault;
				INFOPLIST_KEY_UISupportedInterfaceOrientations_iPad = "UIInterfaceOrientationPortrait UIInterfaceOrientationPortraitUpsideDown UIInterfaceOrientationLandscapeLeft UIInterfaceOrientationLandscapeRight";
				INFOPLIST_KEY_UISupportedInterfaceOrientations_iPhone = "UIInterfaceOrientationPortrait UIInterfaceOrientationLandscapeLeft UIInterfaceOrientationLandscapeRight";
				IPHONEOS_DEPLOYMENT_TARGET = 17.0;
				LD_RUNPATH_SEARCH_PATHS = "@executable_path/Frameworks";
				"LD_RUNPATH_SEARCH_PATHS[sdk=macosx*]" = "@executable_path/../Frameworks";
				MACOSX_DEPLOYMENT_TARGET = 14.0;
				MARKETING_VERSION = 1.0;
				PRODUCT_BUNDLE_IDENTIFIER = "handleryouth.app.Fetch-API-Swift";
				PRODUCT_NAME = "$(TARGET_NAME)";
				SDKROOT = auto;
				SUPPORTED_PLATFORMS = "iphoneos iphonesimulator macosx";
				SWIFT_EMIT_LOC_STRINGS = YES;
				SWIFT_VERSION = 5.0;
				TARGETED_DEVICE_FAMILY = "1,2";
			};
			name = Release;
		};
		EA477F512C6EE282006DCC19 /* Debug */ = {
			isa = XCBuildConfiguration;
			buildSettings = {
				ALWAYS_EMBED_SWIFT_STANDARD_LIBRARIES = YES;
				BUNDLE_LOADER = "$(TEST_HOST)";
				CODE_SIGN_STYLE = Automatic;
				CURRENT_PROJECT_VERSION = 1;
				GENERATE_INFOPLIST_FILE = YES;
				IPHONEOS_DEPLOYMENT_TARGET = 17.0;
				MACOSX_DEPLOYMENT_TARGET = 14.0;
				MARKETING_VERSION = 1.0;
				PRODUCT_BUNDLE_IDENTIFIER = "handleryouth.app.Fetch-API-SwiftTests";
				PRODUCT_NAME = "$(TARGET_NAME)";
				SDKROOT = auto;
				SUPPORTED_PLATFORMS = "iphoneos iphonesimulator macosx";
				SWIFT_EMIT_LOC_STRINGS = NO;
				SWIFT_VERSION = 5.0;
				TARGETED_DEVICE_FAMILY = "1,2";
				TEST_HOST = "$(BUILT_PRODUCTS_DIR)/Fetch API Swift.app/$(BUNDLE_EXECUTABLE_FOLDER_PATH)/Fetch API Swift";
			};
			name = Debug;
		};
		EA477F522C6EE282006DCC19 /* Release */ = {
			isa = XCBuildConfiguration;
			buildSettings = {
				ALWAYS_EMBED_SWIFT_STANDARD_LIBRARIES = YES;
				BUNDLE_LOADER = "$(TEST_HOST)";
				CODE_SIGN_STYLE = Automatic;
				CURRENT_PROJECT_VERSION = 1;
				GENERATE_INFOPLIST_FILE = YES;
				IPHONEOS_DEPLOYMENT_TARGET = 17.0;
				MACOSX_DEPLOYMENT_TARGET = 14.0;
				MARKETING_VERSION = 1.0;
				PRODUCT_BUNDLE_IDENTIFIER = "handleryouth.app.Fetch-API-SwiftTests";
				PRODUCT_NAME = "$(TARGET_NAME)";
				SDKROOT = auto;
				SUPPORTED_PLATFORMS = "iphoneos iphonesimulator macosx";
				SWIFT_EMIT_LOC_STRINGS = NO;
				SWIFT_VERSION = 5.0;
				TARGETED_DEVICE_FAMILY = "1,2";
				TEST_HOST = "$(BUILT_PRODUCTS_DIR)/Fetch API Swift.app/$(BUNDLE_EXECUTABLE_FOLDER_PATH)/Fetch API Swift";
			};
			name = Release;
		};
		EA477F542C6EE282006DCC19 /* Debug */ = {
			isa = XCBuildConfiguration;
			buildSettings = {
				ALWAYS_EMBED_SWIFT_STANDARD_LIBRARIES = YES;
				CODE_SIGN_STYLE = Automatic;
				CURRENT_PROJECT_VERSION = 1;
				GENERATE_INFOPLIST_FILE = YES;
				IPHONEOS_DEPLOYMENT_TARGET = 17.0;
				MACOSX_DEPLOYMENT_TARGET = 14.0;
				MARKETING_VERSION = 1.0;
				PRODUCT_BUNDLE_IDENTIFIER = "handleryouth.app.Fetch-API-SwiftUITests";
				PRODUCT_NAME = "$(TARGET_NAME)";
				SDKROOT = auto;
				SUPPORTED_PLATFORMS = "iphoneos iphonesimulator macosx";
				SWIFT_EMIT_LOC_STRINGS = NO;
				SWIFT_VERSION = 5.0;
				TARGETED_DEVICE_FAMILY = "1,2";
				TEST_TARGET_NAME = "Fetch API Swift";
			};
			name = Debug;
		};
		EA477F552C6EE282006DCC19 /* Release */ = {
			isa = XCBuildConfiguration;
			buildSettings = {
				ALWAYS_EMBED_SWIFT_STANDARD_LIBRARIES = YES;
				CODE_SIGN_STYLE = Automatic;
				CURRENT_PROJECT_VERSION = 1;
				GENERATE_INFOPLIST_FILE = YES;
				IPHONEOS_DEPLOYMENT_TARGET = 17.0;
				MACOSX_DEPLOYMENT_TARGET = 14.0;
				MARKETING_VERSION = 1.0;
				PRODUCT_BUNDLE_IDENTIFIER = "handleryouth.app.Fetch-API-SwiftUITests";
				PRODUCT_NAME = "$(TARGET_NAME)";
				SDKROOT = auto;
				SUPPORTED_PLATFORMS = "iphoneos iphonesimulator macosx";
				SWIFT_EMIT_LOC_STRINGS = NO;
				SWIFT_VERSION = 5.0;
				TARGETED_DEVICE_FAMILY = "1,2";
				TEST_TARGET_NAME = "Fetch API Swift";
			};
			name = Release;
		};
/* End XCBuildConfiguration section */

/* Begin XCConfigurationList section */
		EA477F212C6EE280006DCC19 /* Build configuration list for PBXProject "Fetch API Swift" */ = {
			isa = XCConfigurationList;
			buildConfigurations = (
				EA477F4B2C6EE282006DCC19 /* Debug */,
				EA477F4C2C6EE282006DCC19 /* Release */,
			);
			defaultConfigurationIsVisible = 0;
			defaultConfigurationName = Release;
		};
		EA477F4D2C6EE282006DCC19 /* Build configuration list for PBXNativeTarget "Fetch API Swift" */ = {
			isa = XCConfigurationList;
			buildConfigurations = (
				EA477F4E2C6EE282006DCC19 /* Debug */,
				EA477F4F2C6EE282006DCC19 /* Release */,
			);
			defaultConfigurationIsVisible = 0;
			defaultConfigurationName = Release;
		};
		EA477F502C6EE282006DCC19 /* Build configuration list for PBXNativeTarget "Fetch API SwiftTests" */ = {
			isa = XCConfigurationList;
			buildConfigurations = (
				EA477F512C6EE282006DCC19 /* Debug */,
				EA477F522C6EE282006DCC19 /* Release */,
			);
			defaultConfigurationIsVisible = 0;
			defaultConfigurationName = Release;
		};
		EA477F532C6EE282006DCC19 /* Build configuration list for PBXNativeTarget "Fetch API SwiftUITests" */ = {
			isa = XCConfigurationList;
			buildConfigurations = (
				EA477F542C6EE282006DCC19 /* Debug */,
				EA477F552C6EE282006DCC19 /* Release */,
			);
			defaultConfigurationIsVisible = 0;
			defaultConfigurationName = Release;
		};
/* End XCConfigurationList section */
	};
	rootObject = EA477F1E2C6EE280006DCC19 /* Project object */;
}
